
Microsoft Visual Studio Solution File, Format Version 12.00
# Visual Studio Version 17
VisualStudioVersion = 17.3.32811.315
MinimumVisualStudioVersion = 10.0.40219.1
Project("{9A19103F-16F7-4668-BE54-9A1E7A4F7556}") = "DataAccessClient", "DataAccessClient\DataAccessClient.csproj", "{4446942B-C7D8-470E-919D-20F28B33499D}"
EndProject
Project("{9A19103F-16F7-4668-BE54-9A1E7A4F7556}") = "DataAccessClientExample", "DataAccessClientExample\DataAccessClientExample.csproj", "{0F787049-0C9D-4F02-8173-CA89DE0A89E2}"
EndProject
Project("{2150E333-8FDC-42A3-9474-1A3956D46DE8}") = "Solution Items", "Solution Items", "{D0F5FB7B-2F71-4A6B-9200-85FD9AA17D1D}"
	ProjectSection(SolutionItems) = preProject
		.bettercodehub.yml = .bettercodehub.yml
		appveyor.yml = appveyor.yml
		..\EntityCloner.Microsoft.EntityFrameworkCore\EntityCloner.Microsoft.EntityFrameworkCore\NuGet.config = ..\EntityCloner.Microsoft.EntityFrameworkCore\EntityCloner.Microsoft.EntityFrameworkCore\NuGet.config
		README.md = README.md
	EndProjectSection
EndProject
Project("{9A19103F-16F7-4668-BE54-9A1E7A4F7556}") = "DataAccessClient.EntityFrameworkCore.SqlServer", "DataAccessClient.EntityFrameworkCore.SqlServer\DataAccessClient.EntityFrameworkCore.SqlServer.csproj", "{EDC1B0DC-1C14-4FB6-86E2-C163FF0B600F}"
EndProject
Project("{9A19103F-16F7-4668-BE54-9A1E7A4F7556}") = "DataAccessClient.Tests", "DataAccessClient.Tests\DataAccessClient.Tests.csproj", "{3851FBB3-886B-42C5-B695-936920A472A8}"
EndProject
Project("{9A19103F-16F7-4668-BE54-9A1E7A4F7556}") = "DataAccessClient.EntityFrameworkCore.SqlServer.Tests", "DataAccessClient.EntityFrameworkCore.SqlServer.Tests\DataAccessClient.EntityFrameworkCore.SqlServer.Tests.csproj", "{B2AE5FD4-D99D-4FBD-94D0-86FEF54A9814}"
EndProject
Project("{9A19103F-16F7-4668-BE54-9A1E7A4F7556}") = "DataAccessClientExample-6", "DataAccessClientExample-6\DataAccessClientExample-6.csproj", "{761ED4D4-CDA2-4D49-AD6C-FE5962151050}"
EndProject
Project("{9A19103F-16F7-4668-BE54-9A1E7A4F7556}") = "DataAccessClientExample-7", "DataAccessClientExample-7\DataAccessClientExample-7.csproj", "{DFC5E1A2-1765-4B04-952F-9896AE4EE539}"
EndProject
Project("{9A19103F-16F7-4668-BE54-9A1E7A4F7556}") = "DataAccessClientExample-8", "DataAccessClientExample-8\DataAccessClientExample-8.csproj", "{4601B6EF-8795-4CC2-AFCB-1418E6BA08E3}"
EndProject
Project("{FAE04EC0-301F-11D3-BF4B-00C04F79EFBC}") = "DataAccessClientExample-9", "DataAccessClientExample-9\DataAccessClientExample-9.csproj", "{38C284F3-4DF9-45CE-A575-80811F2F8D23}"
EndProject
Global
	GlobalSection(SolutionConfigurationPlatforms) = preSolution
		Debug|Any CPU = Debug|Any CPU
		Release|Any CPU = Release|Any CPU
	EndGlobalSection
	GlobalSection(ProjectConfigurationPlatforms) = postSolution
		{4446942B-C7D8-470E-919D-20F28B33499D}.Debug|Any CPU.ActiveCfg = Debug|Any CPU
		{4446942B-C7D8-470E-919D-20F28B33499D}.Debug|Any CPU.Build.0 = Debug|Any CPU
		{4446942B-C7D8-470E-919D-20F28B33499D}.Release|Any CPU.ActiveCfg = Release|Any CPU
		{4446942B-C7D8-470E-919D-20F28B33499D}.Release|Any CPU.Build.0 = Release|Any CPU
		{0F787049-0C9D-4F02-8173-CA89DE0A89E2}.Debug|Any CPU.ActiveCfg = Debug|Any CPU
		{0F787049-0C9D-4F02-8173-CA89DE0A89E2}.Debug|Any CPU.Build.0 = Debug|Any CPU
		{0F787049-0C9D-4F02-8173-CA89DE0A89E2}.Release|Any CPU.ActiveCfg = Release|Any CPU
		{0F787049-0C9D-4F02-8173-CA89DE0A89E2}.Release|Any CPU.Build.0 = Release|Any CPU
		{EDC1B0DC-1C14-4FB6-86E2-C163FF0B600F}.Debug|Any CPU.ActiveCfg = Debug|Any CPU
		{EDC1B0DC-1C14-4FB6-86E2-C163FF0B600F}.Debug|Any CPU.Build.0 = Debug|Any CPU
		{EDC1B0DC-1C14-4FB6-86E2-C163FF0B600F}.Release|Any CPU.ActiveCfg = Release|Any CPU
		{EDC1B0DC-1C14-4FB6-86E2-C163FF0B600F}.Release|Any CPU.Build.0 = Release|Any CPU
		{3851FBB3-886B-42C5-B695-936920A472A8}.Debug|Any CPU.ActiveCfg = Debug|Any CPU
		{3851FBB3-886B-42C5-B695-936920A472A8}.Debug|Any CPU.Build.0 = Debug|Any CPU
		{3851FBB3-886B-42C5-B695-936920A472A8}.Release|Any CPU.ActiveCfg = Release|Any CPU
		{3851FBB3-886B-42C5-B695-936920A472A8}.Release|Any CPU.Build.0 = Release|Any CPU
		{B2AE5FD4-D99D-4FBD-94D0-86FEF54A9814}.Debug|Any CPU.ActiveCfg = Debug|Any CPU
		{B2AE5FD4-D99D-4FBD-94D0-86FEF54A9814}.Debug|Any CPU.Build.0 = Debug|Any CPU
		{B2AE5FD4-D99D-4FBD-94D0-86FEF54A9814}.Release|Any CPU.ActiveCfg = Release|Any CPU
		{B2AE5FD4-D99D-4FBD-94D0-86FEF54A9814}.Release|Any CPU.Build.0 = Release|Any CPU
		{761ED4D4-CDA2-4D49-AD6C-FE5962151050}.Debug|Any CPU.ActiveCfg = Debug|Any CPU
		{761ED4D4-CDA2-4D49-AD6C-FE5962151050}.Debug|Any CPU.Build.0 = Debug|Any CPU
		{761ED4D4-CDA2-4D49-AD6C-FE5962151050}.Release|Any CPU.ActiveCfg = Release|Any CPU
		{761ED4D4-CDA2-4D49-AD6C-FE5962151050}.Release|Any CPU.Build.0 = Release|Any CPU
		{DFC5E1A2-1765-4B04-952F-9896AE4EE539}.Debug|Any CPU.ActiveCfg = Debug|Any CPU
		{DFC5E1A2-1765-4B04-952F-9896AE4EE539}.Debug|Any CPU.Build.0 = Debug|Any CPU
		{DFC5E1A2-1765-4B04-952F-9896AE4EE539}.Release|Any CPU.ActiveCfg = Release|Any CPU
		{DFC5E1A2-1765-4B04-952F-9896AE4EE539}.Release|Any CPU.Build.0 = Release|Any CPU
		{4601B6EF-8795-4CC2-AFCB-1418E6BA08E3}.Debug|Any CPU.ActiveCfg = Debug|Any CPU
		{4601B6EF-8795-4CC2-AFCB-1418E6BA08E3}.Debug|Any CPU.Build.0 = Debug|Any CPU
		{4601B6EF-8795-4CC2-AFCB-1418E6BA08E3}.Release|Any CPU.ActiveCfg = Release|Any CPU
		{4601B6EF-8795-4CC2-AFCB-1418E6BA08E3}.Release|Any CPU.Build.0 = Release|Any CPU
		{38C284F3-4DF9-45CE-A575-80811F2F8D23}.Debug|Any CPU.ActiveCfg = Debug|Any CPU
		{38C284F3-4DF9-45CE-A575-80811F2F8D23}.Debug|Any CPU.Build.0 = Debug|Any CPU
		{38C284F3-4DF9-45CE-A575-80811F2F8D23}.Release|Any CPU.ActiveCfg = Release|Any CPU
		{38C284F3-4DF9-45CE-A575-80811F2F8D23}.Release|Any CPU.Build.0 = Release|Any CPU
	EndGlobalSection
	GlobalSection(SolutionProperties) = preSolution
		HideSolutionNode = FALSE
	EndGlobalSection
	GlobalSection(ExtensibilityGlobals) = postSolution
		SolutionGuid = {AD77E3AE-C14C-47FC-832C-E9B11B905721}
	EndGlobalSection
EndGlobal
